
Microsoft Visual Studio Solution File, Format Version 12.00
# Visual Studio 15
Project("{FAE04EC0-301F-11D3-BF4B-00C04F79EFBC}") = "Assembly-CSharp", "Assembly-CSharp.csproj", "{4462A097-8547-4188-8CAB-1D590D0A20F2}"
EndProject
Project("{FAE04EC0-301F-11D3-BF4B-00C04F79EFBC}") = "VirtualButtonsScripts", "VirtualButtonsScripts.csproj", "{7C8CDF4A-3B2C-03E7-1D70-35EF25036E7A}"
EndProject
Project("{FAE04EC0-301F-11D3-BF4B-00C04F79EFBC}") = "Assembly-CSharp-Editor", "Assembly-CSharp-Editor.csproj", "{BB4929EA-D2EB-F370-B12E-6D0162E72C71}"
EndProject
Global
	GlobalSection(SolutionConfigurationPlatforms) = preSolution
		Debug|Any CPU = Debug|Any CPU
		Release|Any CPU = Release|Any CPU
	EndGlobalSection
	GlobalSection(ProjectConfigurationPlatforms) = postSolution
		{4462A097-8547-4188-8CAB-1D590D0A20F2}.Debug|Any CPU.ActiveCfg = Debug|Any CPU
		{4462A097-8547-4188-8CAB-1D590D0A20F2}.Debug|Any CPU.Build.0 = Debug|Any CPU
		{4462A097-8547-4188-8CAB-1D590D0A20F2}.Release|Any CPU.ActiveCfg = Release|Any CPU
		{4462A097-8547-4188-8CAB-1D590D0A20F2}.Release|Any CPU.Build.0 = Release|Any CPU
		{7C8CDF4A-3B2C-03E7-1D70-35EF25036E7A}.Debug|Any CPU.ActiveCfg = Debug|Any CPU
		{7C8CDF4A-3B2C-03E7-1D70-35EF25036E7A}.Debug|Any CPU.Build.0 = Debug|Any CPU
		{7C8CDF4A-3B2C-03E7-1D70-35EF25036E7A}.Release|Any CPU.ActiveCfg = Release|Any CPU
		{7C8CDF4A-3B2C-03E7-1D70-35EF25036E7A}.Release|Any CPU.Build.0 = Release|Any CPU
		{BB4929EA-D2EB-F370-B12E-6D0162E72C71}.Debug|Any CPU.ActiveCfg = Debug|Any CPU
		{BB4929EA-D2EB-F370-B12E-6D0162E72C71}.Debug|Any CPU.Build.0 = Debug|Any CPU
		{BB4929EA-D2EB-F370-B12E-6D0162E72C71}.Release|Any CPU.ActiveCfg = Release|Any CPU
		{BB4929EA-D2EB-F370-B12E-6D0162E72C71}.Release|Any CPU.Build.0 = Release|Any CPU
	EndGlobalSection
	GlobalSection(SolutionProperties) = preSolution
		HideSolutionNode = FALSE
	EndGlobalSection
EndGlobal
